
Microsoft Visual Studio Solution File, Format Version 11.00
# Visual Studio 2010
Project("{FAE04EC0-301F-11D3-BF4B-00C04F79EFBC}") = "XOXGame", "Assembly-CSharp.csproj", "{DCC98A8D-7917-B130-EE42-7456BB28100C}"
EndProject
Global
	GlobalSection(SolutionConfigurationPlatforms) = preSolution
		Debug|Any CPU = Debug|Any CPU
		Release|Any CPU = Release|Any CPU
	EndGlobalSection
	GlobalSection(ProjectConfigurationPlatforms) = postSolution
		{DCC98A8D-7917-B130-EE42-7456BB28100C}.Debug|Any CPU.ActiveCfg = Debug|Any CPU
		{DCC98A8D-7917-B130-EE42-7456BB28100C}.Debug|Any CPU.Build.0 = Debug|Any CPU
		{DCC98A8D-7917-B130-EE42-7456BB28100C}.Release|Any CPU.ActiveCfg = Release|Any CPU
		{DCC98A8D-7917-B130-EE42-7456BB28100C}.Release|Any CPU.Build.0 = Release|Any CPU
	EndGlobalSection
	GlobalSection(SolutionProperties) = preSolution
		HideSolutionNode = FALSE
	EndGlobalSection
	GlobalSection(MonoDevelopProperties) = preSolution
		StartupItem = Assembly-CSharp.csproj
	EndGlobalSection
EndGlobal
